{"schema_version":1,"template_commit":"bfb27352f3fe1d483c8d992136a13a27ddf38515","manifest_sha256":"250e1fc510e1a08c88a7c7193f7e403ac213b4ea5d2d31e2a796a742aa6b693f","resolved_paths":[{"path":".ai-boundaries.yml","strategy":"manual_merge","resolution":"merged","template_sha256":"26544cf0ca803c72e28990ea75770b908359f7176c109085d73baf0b9756311d","target_sha256":"4c1dfe86982ae4738d81f8992e21c534028a3a783460406e242303cd53852a5e"},{"path":".gitignore","strategy":"manual_merge","resolution":"preserved","template_sha256":"140249ce23a55b35eb41d6187d17f38d7898f555ca93bc32aa33d1dffb250f62","target_sha256":"6adde831d101ff9ccb46021072623b747c9ce74147f0fbbca0ec0a69e53e8978"},{"path":"AGENTS.md","strategy":"manual_merge","resolution":"adapted","template_sha256":"863f75af34a40f2e999cfc55b541b7d81bad20562c39be49717d74f0c76b45b2","target_sha256":"4a525341d9f708526c34ef5c9bc136217db0b200b44af0b9c9b4cf97ffaea414"},{"path":"BLUEPRINT.md","strategy":"manual_merge","resolution":"adapted","template_sha256":"e34afdce5667960db542ee969ecb02b81c6184099fe1ca5db0dbe63dfdf29621","target_sha256":"bf320bbee0c172d8c7e48bb74f25a90d25b732d81a7541a8f58e0c9258145dcd"},{"path":"CONTEXT.md","strategy":"manual_merge","resolution":"merged","template_sha256":"ec69f34ff3425429c8e54e9871e04880050a49e9920853b26fc08305839a9a39","target_sha256":"ec69f34ff3425429c8e54e9871e04880050a49e9920853b26fc08305839a9a39"},{"path":"Makefile","strategy":"manual_merge","resolution":"adapted","template_sha256":"56bba0664ca77e74bb22ee471ac00914481ad5745d7c9e38105c6f1fd2b75afe","target_sha256":"6560934fee27cbbd043367e1d91b6c28da3c664e31a4cf50a3edcb8f885e6f8e"},{"path":"docs/branch-collaboration.md","strategy":"manual_merge","resolution":"preserved","template_sha256":"acd71b0f25ded57fc1dfe8ddc90529dea9f636aa3462fba2a2214c3b8ff9887b","target_sha256":"fc42b28d025dcc68fa8005322934cb06198b1563f729c5adeebbbfa51e8ab221"},{"path":"docs/harness-workflows.json","strategy":"project_overlay","resolution":"merged","template_sha256":"a44f6c147723998fdee8e10ebb6fef991b556e9370c22f54a93b849482b3cab3","target_sha256":"a44f6c147723998fdee8e10ebb6fef991b556e9370c22f54a93b849482b3cab3"},{"path":"docs/harness-workflows.md","strategy":"manual_merge","resolution":"merged","template_sha256":"dd9eb41aa6fd19fa63908494e66f74c98144bbff5580742c5bd94b9dbd348946","target_sha256":"dd9eb41aa6fd19fa63908494e66f74c98144bbff5580742c5bd94b9dbd348946"},{"path":"harness/dependencies.json","strategy":"manual_merge","resolution":"adapted","template_sha256":"38a285c6a788fa04a1b5d5ca0d1d8cbfffa414b7ad32227f698d520932bfb4dc","target_sha256":"1c15907f23fdde82d368831c48a3157357bf9c7d34e5bf572205aa7727f119f3"},{"path":"harness/harness_profiles.json","strategy":"project_overlay","resolution":"adapted","template_sha256":"b438ca84b6c21057799f59343cc34b856d4dff74a4dba2974d149390fbc6edcc","target_sha256":"ac0f4a5cf9817ceef9c02db510155f604e822faed4256568488cd368b74544bd"},{"path":"harness/tool_versions.env","strategy":"manual_merge","resolution":"preserved","template_sha256":"a04cca767b4bb1446bd82ec2636d8437b0895328c8d33525a7eb6409dc977dbe","target_sha256":"fa387241901996c507ec70f76e37919b8c9b2e64b34797f4e4e01834a9c74d33"},{"path":"scripts/harnessctl.sh","strategy":"manual_merge","resolution":"merged","template_sha256":"b13bfad72654db12dc115b8c96ac7dee8440bb8a579382016eb7493d18ce31c0","target_sha256":"b13bfad72654db12dc115b8c96ac7dee8440bb8a579382016eb7493d18ce31c0"},{"path":"scripts/init_project.sh","strategy":"manual_merge","resolution":"merged","template_sha256":"d32799637f6c74144e76867439a6d891dae75b971b01907d5a84e2783df432fe","target_sha256":"d32799637f6c74144e76867439a6d891dae75b971b01907d5a84e2783df432fe"},{"path":"specs/_template/spec.md","strategy":"manual_merge","resolution":"preserved","template_sha256":"dc99e92b9dfabd048e8f5f29a5eeca45119211b027c12317216e31855af83334","target_sha256":"96f9d95989d62205231af6f7e3682a899f04a829385b673c195a04e7b0784e80"},{"path":"specs/index.json","strategy":"manual_merge","resolution":"preserved","template_sha256":"dd27cfa2de92adb8733ed542a3588785367c90e145cac58f9e8a065e753f937c","target_sha256":"101911879e9924cced6865e99c44c8d5b9a034832fcfcfe2cc5ec12846ded6cd"}]}
